// !$*UTF8*$!
{
	archiveVersion = 1;
	classes = {
	};
	objectVersion = 77;
	objects = {

/* Begin PBXContainerItemProxy section */
		E878D1392D34C0C600561831 /* PBXContainerItemProxy */ = {
			isa = PBXContainerItemProxy;
			containerPortal = E878D1202D34C0C400561831 /* Project object */;
			proxyType = 1;
			remoteGlobalIDString = E878D1272D34C0C400561831;
			remoteInfo = QuiziBrain;
		};
		E878D1432D34C0C600561831 /* PBXContainerItemProxy */ = {
			isa = PBXContainerItemProxy;
			containerPortal = E878D1202D34C0C400561831 /* Project object */;
			proxyType = 1;
			remoteGlobalIDString = E878D1272D34C0C400561831;
			remoteInfo = QuiziBrain;
		};
/* End PBXContainerItemProxy section */

/* Begin PBXFileReference section */
		E878D1282D34C0C400561831 /* QuiziBrain.app */ = {isa = PBXFileReference; explicitFileType = wrapper.application; includeInIndex = 0; path = QuiziBrain.app; sourceTree = BUILT_PRODUCTS_DIR; };
		E878D1382D34C0C600561831 /* QuiziBrainTests.xctest */ = {isa = PBXFileReference; explicitFileType = wrapper.cfbundle; includeInIndex = 0; path = QuiziBrainTests.xctest; sourceTree = BUILT_PRODUCTS_DIR; };
		E878D1422D34C0C600561831 /* QuiziBrainUITests.xctest */ = {isa = PBXFileReference; explicitFileType = wrapper.cfbundle; includeInIndex = 0; path = QuiziBrainUITests.xctest; sourceTree = BUILT_PRODUCTS_DIR; };
/* End PBXFileReference section */

/* Begin PBXFileSystemSynchronizedRootGroup section */
		E878D12A2D34C0C400561831 /* QuiziBrain */ = {
			isa = PBXFileSystemSynchronizedRootGroup;
			path = QuiziBrain;
			sourceTree = "<group>";
		};
		E878D13B2D34C0C600561831 /* QuiziBrainTests */ = {
			isa = PBXFileSystemSynchronizedRootGroup;
			path = QuiziBrainTests;
			sourceTree = "<group>";
		};
		E878D1452D34C0C600561831 /* QuiziBrainUITests */ = {
			isa = PBXFileSystemSynchronizedRootGroup;
			path = QuiziBrainUITests;
			sourceTree = "<group>";
		};
/* End PBXFileSystemSynchronizedRootGroup section */

/* Begin PBXFrameworksBuildPhase section */
		E878D1252D34C0C400561831 /* Frameworks */ = {
			isa = PBXFrameworksBuildPhase;
			buildActionMask = 2147483647;
			files = (
			);
			runOnlyForDeploymentPostprocessing = 0;
		};
		E878D1352D34C0C600561831 /* Frameworks */ = {
			isa = PBXFrameworksBuildPhase;
			buildActionMask = 2147483647;
			files = (
			);
			runOnlyForDeploymentPostprocessing = 0;
		};
		E878D13F2D34C0C600561831 /* Frameworks */ = {
			isa = PBXFrameworksBuildPhase;
			buildActionMask = 2147483647;
			files = (
			);
			runOnlyForDeploymentPostprocessing = 0;
		};
/* End PBXFrameworksBuildPhase section */

/* Begin PBXGroup section */
		E878D11F2D34C0C400561831 = {
			isa = PBXGroup;
			children = (
				E878D12A2D34C0C400561831 /* QuiziBrain */,
				E878D13B2D34C0C600561831 /* QuiziBrainTests */,
				E878D1452D34C0C600561831 /* QuiziBrainUITests */,
				E878D1292D34C0C400561831 /* Products */,
			);
			sourceTree = "<group>";
		};
		E878D1292D34C0C400561831 /* Products */ = {
			isa = PBXGroup;
			children = (
				E878D1282D34C0C400561831 /* QuiziBrain.app */,
				E878D1382D34C0C600561831 /* QuiziBrainTests.xctest */,
				E878D1422D34C0C600561831 /* QuiziBrainUITests.xctest */,
			);
			name = Products;
			sourceTree = "<group>";
		};
/* End PBXGroup section */

/* Begin PBXNativeTarget section */
		E878D1272D34C0C400561831 /* QuiziBrain */ = {
			isa = PBXNativeTarget;
			buildConfigurationList = E878D14C2D34C0C600561831 /* Build configuration list for PBXNativeTarget "QuiziBrain" */;
			buildPhases = (
				E878D1242D34C0C400561831 /* Sources */,
				E878D1252D34C0C400561831 /* Frameworks */,
				E878D1262D34C0C400561831 /* Resources */,
			);
			buildRules = (
			);
			dependencies = (
			);
			fileSystemSynchronizedGroups = (
				E878D12A2D34C0C400561831 /* QuiziBrain */,
			);
			name = QuiziBrain;
			packageProductDependencies = (
			);
			productName = QuiziBrain;
			productReference = E878D1282D34C0C400561831 /* QuiziBrain.app */;
			productType = "com.apple.product-type.application";
		};
		E878D1372D34C0C600561831 /* QuiziBrainTests */ = {
			isa = PBXNativeTarget;
			buildConfigurationList = E878D14F2D34C0C600561831 /* Build configuration list for PBXNativeTarget "QuiziBrainTests" */;
			buildPhases = (
				E878D1342D34C0C600561831 /* Sources */,
				E878D1352D34C0C600561831 /* Frameworks */,
				E878D1362D34C0C600561831 /* Resources */,
			);
			buildRules = (
			);
			dependencies = (
				E878D13A2D34C0C600561831 /* PBXTargetDependency */,
			);
			fileSystemSynchronizedGroups = (
				E878D13B2D34C0C600561831 /* QuiziBrainTests */,
			);
			name = QuiziBrainTests;
			packageProductDependencies = (
			);
			productName = QuiziBrainTests;
			productReference = E878D1382D34C0C600561831 /* QuiziBrainTests.xctest */;
			productType = "com.apple.product-type.bundle.unit-test";
		};
		E878D1412D34C0C600561831 /* QuiziBrainUITests */ = {
			isa = PBXNativeTarget;
			buildConfigurationList = E878D1522D34C0C600561831 /* Build configuration list for PBXNativeTarget "QuiziBrainUITests" */;
			buildPhases = (
				E878D13E2D34C0C600561831 /* Sources */,
				E878D13F2D34C0C600561831 /* Frameworks */,
				E878D1402D34C0C600561831 /* Resources */,
			);
			buildRules = (
			);
			dependencies = (
				E878D1442D34C0C600561831 /* PBXTargetDependency */,
			);
			fileSystemSynchronizedGroups = (
				E878D1452D34C0C600561831 /* QuiziBrainUITests */,
			);
			name = QuiziBrainUITests;
			packageProductDependencies = (
			);
			productName = QuiziBrainUITests;
			productReference = E878D1422D34C0C600561831 /* QuiziBrainUITests.xctest */;
			productType = "com.apple.product-type.bundle.ui-testing";
		};
/* End PBXNativeTarget section */

/* Begin PBXProject section */
		E878D1202D34C0C400561831 /* Project object */ = {
			isa = PBXProject;
			attributes = {
				BuildIndependentTargetsInParallel = 1;
				LastSwiftUpdateCheck = 1620;
				LastUpgradeCheck = 1620;
				TargetAttributes = {
					E878D1272D34C0C400561831 = {
						CreatedOnToolsVersion = 16.2;
					};
					E878D1372D34C0C600561831 = {
						CreatedOnToolsVersion = 16.2;
						TestTargetID = E878D1272D34C0C400561831;
					};
					E878D1412D34C0C600561831 = {
						CreatedOnToolsVersion = 16.2;
						TestTargetID = E878D1272D34C0C400561831;
					};
				};
			};
			buildConfigurationList = E878D1232D34C0C400561831 /* Build configuration list for PBXProject "QuiziBrain" */;
			developmentRegion = en;
			hasScannedForEncodings = 0;
			knownRegions = (
				en,
				Base,
			);
			mainGroup = E878D11F2D34C0C400561831;
			minimizedProjectReferenceProxies = 1;
			preferredProjectObjectVersion = 77;
			productRefGroup = E878D1292D34C0C400561831 /* Products */;
			projectDirPath = "";
			projectRoot = "";
			targets = (
				E878D1272D34C0C400561831 /* QuiziBrain */,
				E878D1372D34C0C600561831 /* QuiziBrainTests */,
				E878D1412D34C0C600561831 /* QuiziBrainUITests */,
			);
		};
/* End PBXProject section */

/* Begin PBXResourcesBuildPhase section */
		E878D1262D34C0C400561831 /* Resources */ = {
			isa = PBXResourcesBuildPhase;
			buildActionMask = 2147483647;
			files = (
			);
			runOnlyForDeploymentPostprocessing = 0;
		};
		E878D1362D34C0C600561831 /* Resources */ = {
			isa = PBXResourcesBuildPhase;
			buildActionMask = 2147483647;
			files = (
			);
			runOnlyForDeploymentPostprocessing = 0;
		};
		E878D1402D34C0C600561831 /* Resources */ = {
			isa = PBXResourcesBuildPhase;
			buildActionMask = 2147483647;
			files = (
			);
			runOnlyForDeploymentPostprocessing = 0;
		};
/* End PBXResourcesBuildPhase section */

/* Begin PBXSourcesBuildPhase section */
		E878D1242D34C0C400561831 /* Sources */ = {
			isa = PBXSourcesBuildPhase;
			buildActionMask = 2147483647;
			files = (
			);
			runOnlyForDeploymentPostprocessing = 0;
		};
		E878D1342D34C0C600561831 /* Sources */ = {
			isa = PBXSourcesBuildPhase;
			buildActionMask = 2147483647;
			files = (
			);
			runOnlyForDeploymentPostprocessing = 0;
		};
		E878D13E2D34C0C600561831 /* Sources */ = {
			isa = PBXSourcesBuildPhase;
			buildActionMask = 2147483647;
			files = (
			);
			runOnlyForDeploymentPostprocessing = 0;
		};
/* End PBXSourcesBuildPhase section */

/* Begin PBXTargetDependency section */
		E878D13A2D34C0C600561831 /* PBXTargetDependency */ = {
			isa = PBXTargetDependency;
			target = E878D1272D34C0C400561831 /* QuiziBrain */;
			targetProxy = E878D1392D34C0C600561831 /* PBXContainerItemProxy */;
		};
		E878D1442D34C0C600561831 /* PBXTargetDependency */ = {
			isa = PBXTargetDependency;
			target = E878D1272D34C0C400561831 /* QuiziBrain */;
			targetProxy = E878D1432D34C0C600561831 /* PBXContainerItemProxy */;
		};
/* End PBXTargetDependency section */

/* Begin XCBuildConfiguration section */
		E878D14A2D34C0C600561831 /* Debug */ = {
			isa = XCBuildConfiguration;
			buildSettings = {
				ALWAYS_SEARCH_USER_PATHS = NO;
				ASSETCATALOG_COMPILER_GENERATE_SWIFT_ASSET_SYMBOL_EXTENSIONS = YES;
				CLANG_ANALYZER_NONNULL = YES;
				CLANG_ANALYZER_NUMBER_OBJECT_CONVERSION = YES_AGGRESSIVE;
				CLANG_CXX_LANGUAGE_STANDARD = "gnu++20";
				CLANG_ENABLE_MODULES = YES;
				CLANG_ENABLE_OBJC_ARC = YES;
				CLANG_ENABLE_OBJC_WEAK = YES;
				CLANG_WARN_BLOCK_CAPTURE_AUTORELEASING = YES;
				CLANG_WARN_BOOL_CONVERSION = YES;
				CLANG_WARN_COMMA = YES;
				CLANG_WARN_CONSTANT_CONVERSION = YES;
				CLANG_WARN_DEPRECATED_OBJC_IMPLEMENTATIONS = YES;
				CLANG_WARN_DIRECT_OBJC_ISA_USAGE = YES_ERROR;
				CLANG_WARN_DOCUMENTATION_COMMENTS = YES;
				CLANG_WARN_EMPTY_BODY = YES;
				CLANG_WARN_ENUM_CONVERSION = YES;
				CLANG_WARN_INFINITE_RECURSION = YES;
				CLANG_WARN_INT_CONVERSION = YES;
				CLANG_WARN_NON_LITERAL_NULL_CONVERSION = YES;
				CLANG_WARN_OBJC_IMPLICIT_RETAIN_SELF = YES;
				CLANG_WARN_OBJC_LITERAL_CONVERSION = YES;
				CLANG_WARN_OBJC_ROOT_CLASS = YES_ERROR;
				CLANG_WARN_QUOTED_INCLUDE_IN_FRAMEWORK_HEADER = YES;
				CLANG_WARN_RANGE_LOOP_ANALYSIS = YES;
				CLANG_WARN_STRICT_PROTOTYPES = YES;
				CLANG_WARN_SUSPICIOUS_MOVE = YES;
				CLANG_WARN_UNGUARDED_AVAILABILITY = YES_AGGRESSIVE;
				CLANG_WARN_UNREACHABLE_CODE = YES;
				CLANG_WARN__DUPLICATE_METHOD_MATCH = YES;
				COPY_PHASE_STRIP = NO;
				DEBUG_INFORMATION_FORMAT = dwarf;
				ENABLE_STRICT_OBJC_MSGSEND = YES;
				ENABLE_TESTABILITY = YES;
				ENABLE_USER_SCRIPT_SANDBOXING = YES;
				GCC_C_LANGUAGE_STANDARD = gnu17;
				GCC_DYNAMIC_NO_PIC = NO;
				GCC_NO_COMMON_BLOCKS = YES;
				GCC_OPTIMIZATION_LEVEL = 0;
				GCC_PREPROCESSOR_DEFINITIONS = (
					"DEBUG=1",
					"$(inherited)",
				);
				GCC_WARN_64_TO_32_BIT_CONVERSION = YES;
				GCC_WARN_ABOUT_RETURN_TYPE = YES_ERROR;
				GCC_WARN_UNDECLARED_SELECTOR = YES;
				GCC_WARN_UNINITIALIZED_AUTOS = YES_AGGRESSIVE;
				GCC_WARN_UNUSED_FUNCTION = YES;
				GCC_WARN_UNUSED_VARIABLE = YES;
				IPHONEOS_DEPLOYMENT_TARGET = 18.2;
				LOCALIZATION_PREFERS_STRING_CATALOGS = YES;
				MTL_ENABLE_DEBUG_INFO = INCLUDE_SOURCE;
				MTL_FAST_MATH = YES;
				ONLY_ACTIVE_ARCH = YES;
				SDKROOT = iphoneos;
				SWIFT_ACTIVE_COMPILATION_CONDITIONS = "DEBUG $(inherited)";
				SWIFT_OPTIMIZATION_LEVEL = "-Onone";
			};
			name = Debug;
		};
		E878D14B2D34C0C600561831 /* Release */ = {
			isa = XCBuildConfiguration;
			buildSettings = {
				ALWAYS_SEARCH_USER_PATHS = NO;
				ASSETCATALOG_COMPILER_GENERATE_SWIFT_ASSET_SYMBOL_EXTENSIONS = YES;
				CLANG_ANALYZER_NONNULL = YES;
				CLANG_ANALYZER_NUMBER_OBJECT_CONVERSION = YES_AGGRESSIVE;
				CLANG_CXX_LANGUAGE_STANDARD = "gnu++20";
				CLANG_ENABLE_MODULES = YES;
				CLANG_ENABLE_OBJC_ARC = YES;
				CLANG_ENABLE_OBJC_WEAK = YES;
				CLANG_WARN_BLOCK_CAPTURE_AUTORELEASING = YES;
				CLANG_WARN_BOOL_CONVERSION = YES;
				CLANG_WARN_COMMA = YES;
				CLANG_WARN_CONSTANT_CONVERSION = YES;
				CLANG_WARN_DEPRECATED_OBJC_IMPLEMENTATIONS = YES;
				CLANG_WARN_DIRECT_OBJC_ISA_USAGE = YES_ERROR;
				CLANG_WARN_DOCUMENTATION_COMMENTS = YES;
				CLANG_WARN_EMPTY_BODY = YES;
				CLANG_WARN_ENUM_CONVERSION = YES;
				CLANG_WARN_INFINITE_RECURSION = YES;
				CLANG_WARN_INT_CONVERSION = YES;
				CLANG_WARN_NON_LITERAL_NULL_CONVERSION = YES;
				CLANG_WARN_OBJC_IMPLICIT_RETAIN_SELF = YES;
				CLANG_WARN_OBJC_LITERAL_CONVERSION = YES;
				CLANG_WARN_OBJC_ROOT_CLASS = YES_ERROR;
				CLANG_WARN_QUOTED_INCLUDE_IN_FRAMEWORK_HEADER = YES;
				CLANG_WARN_RANGE_LOOP_ANALYSIS = YES;
				CLANG_WARN_STRICT_PROTOTYPES = YES;
				CLANG_WARN_SUSPICIOUS_MOVE = YES;
				CLANG_WARN_UNGUARDED_AVAILABILITY = YES_AGGRESSIVE;
				CLANG_WARN_UNREACHABLE_CODE = YES;
				CLANG_WARN__DUPLICATE_METHOD_MATCH = YES;
				COPY_PHASE_STRIP = NO;
				DEBUG_INFORMATION_FORMAT = "dwarf-with-dsym";
				ENABLE_NS_ASSERTIONS = NO;
				ENABLE_STRICT_OBJC_MSGSEND = YES;
				ENABLE_USER_SCRIPT_SANDBOXING = YES;
				GCC_C_LANGUAGE_STANDARD = gnu17;
				GCC_NO_COMMON_BLOCKS = YES;
				GCC_WARN_64_TO_32_BIT_CONVERSION = YES;
				GCC_WARN_ABOUT_RETURN_TYPE = YES_ERROR;
				GCC_WARN_UNDECLARED_SELECTOR = YES;
				GCC_WARN_UNINITIALIZED_AUTOS = YES_AGGRESSIVE;
				GCC_WARN_UNUSED_FUNCTION = YES;
				GCC_WARN_UNUSED_VARIABLE = YES;
				IPHONEOS_DEPLOYMENT_TARGET = 18.2;
				LOCALIZATION_PREFERS_STRING_CATALOGS = YES;
				MTL_ENABLE_DEBUG_INFO = NO;
				MTL_FAST_MATH = YES;
				SDKROOT = iphoneos;
				SWIFT_COMPILATION_MODE = wholemodule;
				VALIDATE_PRODUCT = YES;
			};
			name = Release;
		};
		E878D14D2D34C0C600561831 /* Debug */ = {
			isa = XCBuildConfiguration;
			buildSettings = {
				ASSETCATALOG_COMPILER_APPICON_NAME = AppIcon;
				ASSETCATALOG_COMPILER_GLOBAL_ACCENT_COLOR_NAME = AccentColor;
				CODE_SIGN_STYLE = Automatic;
				CURRENT_PROJECT_VERSION = 1;
				DEVELOPMENT_ASSET_PATHS = "\"QuiziBrain/Preview Content\"";
				ENABLE_PREVIEWS = YES;
				GENERATE_INFOPLIST_FILE = YES;
				INFOPLIST_KEY_UIApplicationSceneManifest_Generation = YES;
				INFOPLIST_KEY_UIApplicationSupportsIndirectInputEvents = YES;
				INFOPLIST_KEY_UILaunchScreen_Generation = YES;
				INFOPLIST_KEY_UISupportedInterfaceOrientations_iPad = "UIInterfaceOrientationPortrait UIInterfaceOrientationPortraitUpsideDown UIInterfaceOrientationLandscapeLeft UIInterfaceOrientationLandscapeRight";
				INFOPLIST_KEY_UISupportedInterfaceOrientations_iPhone = "UIInterfaceOrientationPortrait UIInterfaceOrientationLandscapeLeft UIInterfaceOrientationLandscapeRight";
				LD_RUNPATH_SEARCH_PATHS = (
					"$(inherited)",
					"@executable_path/Frameworks",
				);
				MARKETING_VERSION = 1.0;
				PRODUCT_BUNDLE_IDENTIFIER = Alberth.QuiziBrain;
				PRODUCT_NAME = "$(TARGET_NAME)";
				SWIFT_EMIT_LOC_STRINGS = YES;
				SWIFT_VERSION = 5.0;
				TARGETED_DEVICE_FAMILY = "1,2";
			};
			name = Debug;
		};
		E878D14E2D34C0C600561831 /* Release */ = {
			isa = XCBuildConfiguration;
			buildSettings = {
				ASSETCATALOG_COMPILER_APPICON_NAME = AppIcon;
				ASSETCATALOG_COMPILER_GLOBAL_ACCENT_COLOR_NAME = AccentColor;
				CODE_SIGN_STYLE = Automatic;
				CURRENT_PROJECT_VERSION = 1;
				DEVELOPMENT_ASSET_PATHS = "\"QuiziBrain/Preview Content\"";
				ENABLE_PREVIEWS = YES;
				GENERATE_INFOPLIST_FILE = YES;
				INFOPLIST_KEY_UIApplicationSceneManifest_Generation = YES;
				INFOPLIST_KEY_UIApplicationSupportsIndirectInputEvents = YES;
				INFOPLIST_KEY_UILaunchScreen_Generation = YES;
				INFOPLIST_KEY_UISupportedInterfaceOrientations_iPad = "UIInterfaceOrientationPortrait UIInterfaceOrientationPortraitUpsideDown UIInterfaceOrientationLandscapeLeft UIInterfaceOrientationLandscapeRight";
				INFOPLIST_KEY_UISupportedInterfaceOrientations_iPhone = "UIInterfaceOrientationPortrait UIInterfaceOrientationLandscapeLeft UIInterfaceOrientationLandscapeRight";
				LD_RUNPATH_SEARCH_PATHS = (
					"$(inherited)",
					"@executable_path/Frameworks",
				);
				MARKETING_VERSION = 1.0;
				PRODUCT_BUNDLE_IDENTIFIER = Alberth.QuiziBrain;
				PRODUCT_NAME = "$(TARGET_NAME)";
				SWIFT_EMIT_LOC_STRINGS = YES;
				SWIFT_VERSION = 5.0;
				TARGETED_DEVICE_FAMILY = "1,2";
			};
			name = Release;
		};
		E878D1502D34C0C600561831 /* Debug */ = {
			isa = XCBuildConfiguration;
			buildSettings = {
				BUNDLE_LOADER = "$(TEST_HOST)";
				CODE_SIGN_STYLE = Automatic;
				CURRENT_PROJECT_VERSION = 1;
				GENERATE_INFOPLIST_FILE = YES;
				IPHONEOS_DEPLOYMENT_TARGET = 18.2;
				MARKETING_VERSION = 1.0;
				PRODUCT_BUNDLE_IDENTIFIER = Alberth.QuiziBrainTests;
				PRODUCT_NAME = "$(TARGET_NAME)";
				SWIFT_EMIT_LOC_STRINGS = NO;
				SWIFT_VERSION = 5.0;
				TARGETED_DEVICE_FAMILY = "1,2";
				TEST_HOST = "$(BUILT_PRODUCTS_DIR)/QuiziBrain.app/$(BUNDLE_EXECUTABLE_FOLDER_PATH)/QuiziBrain";
			};
			name = Debug;
		};
		E878D1512D34C0C600561831 /* Release */ = {
			isa = XCBuildConfiguration;
			buildSettings = {
				BUNDLE_LOADER = "$(TEST_HOST)";
				CODE_SIGN_STYLE = Automatic;
				CURRENT_PROJECT_VERSION = 1;
				GENERATE_INFOPLIST_FILE = YES;
				IPHONEOS_DEPLOYMENT_TARGET = 18.2;
				MARKETING_VERSION = 1.0;
				PRODUCT_BUNDLE_IDENTIFIER = Alberth.QuiziBrainTests;
				PRODUCT_NAME = "$(TARGET_NAME)";
				SWIFT_EMIT_LOC_STRINGS = NO;
				SWIFT_VERSION = 5.0;
				TARGETED_DEVICE_FAMILY = "1,2";
				TEST_HOST = "$(BUILT_PRODUCTS_DIR)/QuiziBrain.app/$(BUNDLE_EXECUTABLE_FOLDER_PATH)/QuiziBrain";
			};
			name = Release;
		};
		E878D1532D34C0C600561831 /* Debug */ = {
			isa = XCBuildConfiguration;
			buildSettings = {
				CODE_SIGN_STYLE = Automatic;
				CURRENT_PROJECT_VERSION = 1;
				GENERATE_INFOPLIST_FILE = YES;
				MARKETING_VERSION = 1.0;
				PRODUCT_BUNDLE_IDENTIFIER = Alberth.QuiziBrainUITests;
				PRODUCT_NAME = "$(TARGET_NAME)";
				SWIFT_EMIT_LOC_STRINGS = NO;
				SWIFT_VERSION = 5.0;
				TARGETED_DEVICE_FAMILY = "1,2";
				TEST_TARGET_NAME = QuiziBrain;
			};
			name = Debug;
		};
		E878D1542D34C0C600561831 /* Release */ = {
			isa = XCBuildConfiguration;
			buildSettings = {
				CODE_SIGN_STYLE = Automatic;
				CURRENT_PROJECT_VERSION = 1;
				GENERATE_INFOPLIST_FILE = YES;
				MARKETING_VERSION = 1.0;
				PRODUCT_BUNDLE_IDENTIFIER = Alberth.QuiziBrainUITests;
				PRODUCT_NAME = "$(TARGET_NAME)";
				SWIFT_EMIT_LOC_STRINGS = NO;
				SWIFT_VERSION = 5.0;
				TARGETED_DEVICE_FAMILY = "1,2";
				TEST_TARGET_NAME = QuiziBrain;
			};
			name = Release;
		};
/* End XCBuildConfiguration section */

/* Begin XCConfigurationList section */
		E878D1232D34C0C400561831 /* Build configuration list for PBXProject "QuiziBrain" */ = {
			isa = XCConfigurationList;
			buildConfigurations = (
				E878D14A2D34C0C600561831 /* Debug */,
				E878D14B2D34C0C600561831 /* Release */,
			);
			defaultConfigurationIsVisible = 0;
			defaultConfigurationName = Release;
		};
		E878D14C2D34C0C600561831 /* Build configuration list for PBXNativeTarget "QuiziBrain" */ = {
			isa = XCConfigurationList;
			buildConfigurations = (
				E878D14D2D34C0C600561831 /* Debug */,
				E878D14E2D34C0C600561831 /* Release */,
			);
			defaultConfigurationIsVisible = 0;
			defaultConfigurationName = Release;
		};
		E878D14F2D34C0C600561831 /* Build configuration list for PBXNativeTarget "QuiziBrainTests" */ = {
			isa = XCConfigurationList;
			buildConfigurations = (
				E878D1502D34C0C600561831 /* Debug */,
				E878D1512D34C0C600561831 /* Release */,
			);
			defaultConfigurationIsVisible = 0;
			defaultConfigurationName = Release;
		};
		E878D1522D34C0C600561831 /* Build configuration list for PBXNativeTarget "QuiziBrainUITests" */ = {
			isa = XCConfigurationList;
			buildConfigurations = (
				E878D1532D34C0C600561831 /* Debug */,
				E878D1542D34C0C600561831 /* Release */,
			);
			defaultConfigurationIsVisible = 0;
			defaultConfigurationName = Release;
		};
/* End XCConfigurationList section */
	};
	rootObject = E878D1202D34C0C400561831 /* Project object */;
}
